// !$*UTF8*$!
{
	archiveVersion = 1;
	classes = {
	};
	objectVersion = 46;
	objects = {

/* Begin PBXBuildFile section */
		9438C1081C66620200DDCCBD /* AppDelegate.swift in Sources */ = {isa = PBXBuildFile; fileRef = 9438C1071C66620200DDCCBD /* AppDelegate.swift */; };
		9438C10A1C66620200DDCCBD /* ViewController.swift in Sources */ = {isa = PBXBuildFile; fileRef = 9438C1091C66620200DDCCBD /* ViewController.swift */; };
		9438C10D1C66620200DDCCBD /* Main.storyboard in Resources */ = {isa = PBXBuildFile; fileRef = 9438C10B1C66620200DDCCBD /* Main.storyboard */; };
		9438C10F1C66620200DDCCBD /* Assets.xcassets in Resources */ = {isa = PBXBuildFile; fileRef = 9438C10E1C66620200DDCCBD /* Assets.xcassets */; };
		9438C1121C66620200DDCCBD /* LaunchScreen.storyboard in Resources */ = {isa = PBXBuildFile; fileRef = 9438C1101C66620200DDCCBD /* LaunchScreen.storyboard */; };
/* End PBXBuildFile section */

/* Begin PBXFileReference section */
		9438C1041C66620200DDCCBD /* clickCounter.app */ = {isa = PBXFileReference; explicitFileType = wrapper.application; includeInIndex = 0; path = clickCounter.app; sourceTree = BUILT_PRODUCTS_DIR; };
		9438C1071C66620200DDCCBD /* AppDelegate.swift */ = {isa = PBXFileReference; lastKnownFileType = sourcecode.swift; path = AppDelegate.swift; sourceTree = "<group>"; };
		9438C1091C66620200DDCCBD /* ViewController.swift */ = {isa = PBXFileReference; lastKnownFileType = sourcecode.swift; path = ViewController.swift; sourceTree = "<group>"; };
		9438C10C1C66620200DDCCBD /* Base */ = {isa = PBXFileReference; lastKnownFileType = file.storyboard; name = Base; path = Base.lproj/Main.storyboard; sourceTree = "<group>"; };
		9438C10E1C66620200DDCCBD /* Assets.xcassets */ = {isa = PBXFileReference; lastKnownFileType = folder.assetcatalog; path = Assets.xcassets; sourceTree = "<group>"; };
		9438C1111C66620200DDCCBD /* Base */ = {isa = PBXFileReference; lastKnownFileType = file.storyboard; name = Base; path = Base.lproj/LaunchScreen.storyboard; sourceTree = "<group>"; };
		9438C1131C66620200DDCCBD /* Info.plist */ = {isa = PBXFileReference; lastKnownFileType = text.plist.xml; path = Info.plist; sourceTree = "<group>"; };
/* End PBXFileReference section */

/* Begin PBXFrameworksBuildPhase section */
		9438C1011C66620200DDCCBD /* Frameworks */ = {
			isa = PBXFrameworksBuildPhase;
			buildActionMask = 2147483647;
			files = (
			);
			runOnlyForDeploymentPostprocessing = 0;
		};
/* End PBXFrameworksBuildPhase section */

/* Begin PBXGroup section */
		9438C0FB1C66620200DDCCBD = {
			isa = PBXGroup;
			children = (
				9438C1061C66620200DDCCBD /* clickCounter */,
				9438C1051C66620200DDCCBD /* Products */,
			);
			sourceTree = "<group>";
		};
		9438C1051C66620200DDCCBD /* Products */ = {
			isa = PBXGroup;
			children = (
				9438C1041C66620200DDCCBD /* clickCounter.app */,
			);
			name = Products;
			sourceTree = "<group>";
		};
		9438C1061C66620200DDCCBD /* clickCounter */ = {
			isa = PBXGroup;
			children = (
				9438C1071C66620200DDCCBD /* AppDelegate.swift */,
				9438C1091C66620200DDCCBD /* ViewController.swift */,
				9438C10B1C66620200DDCCBD /* Main.storyboard */,
				9438C10E1C66620200DDCCBD /* Assets.xcassets */,
				9438C1101C66620200DDCCBD /* LaunchScreen.storyboard */,
				9438C1131C66620200DDCCBD /* Info.plist */,
			);
			path = clickCounter;
			sourceTree = "<group>";
		};
/* End PBXGroup section */

/* Begin PBXNativeTarget section */
		9438C1031C66620200DDCCBD /* clickCounter */ = {
			isa = PBXNativeTarget;
			buildConfigurationList = 9438C1161C66620200DDCCBD /* Build configuration list for PBXNativeTarget "clickCounter" */;
			buildPhases = (
				9438C1001C66620200DDCCBD /* Sources */,
				9438C1011C66620200DDCCBD /* Frameworks */,
				9438C1021C66620200DDCCBD /* Resources */,
			);
			buildRules = (
			);
			dependencies = (
			);
			name = clickCounter;
			productName = clickCounter;
			productReference = 9438C1041C66620200DDCCBD /* clickCounter.app */;
			productType = "com.apple.product-type.application";
		};
/* End PBXNativeTarget section */

/* Begin PBXProject section */
		9438C0FC1C66620200DDCCBD /* Project object */ = {
			isa = PBXProject;
			attributes = {
				LastSwiftUpdateCheck = 0720;
				LastUpgradeCheck = 0720;
				ORGANIZATIONNAME = "Gonzalo Salazar Velasquez";
				TargetAttributes = {
					9438C1031C66620200DDCCBD = {
						CreatedOnToolsVersion = 7.2.1;
						DevelopmentTeam = X6G673882F;
					};
				};
			};
			buildConfigurationList = 9438C0FF1C66620200DDCCBD /* Build configuration list for PBXProject "clickCounter" */;
			compatibilityVersion = "Xcode 3.2";
			developmentRegion = English;
			hasScannedForEncodings = 0;
			knownRegions = (
				en,
				Base,
			);
			mainGroup = 9438C0FB1C66620200DDCCBD;
			productRefGroup = 9438C1051C66620200DDCCBD /* Products */;
			projectDirPath = "";
			projectRoot = "";
			targets = (
				9438C1031C66620200DDCCBD /* clickCounter */,
			);
		};
/* End PBXProject section */

/* Begin PBXResourcesBuildPhase section */
		9438C1021C66620200DDCCBD /* Resources */ = {
			isa = PBXResourcesBuildPhase;
			buildActionMask = 2147483647;
			files = (
				9438C1121C66620200DDCCBD /* LaunchScreen.storyboard in Resources */,
				9438C10F1C66620200DDCCBD /* Assets.xcassets in Resources */,
				9438C10D1C66620200DDCCBD /* Main.storyboard in Resources */,
			);
			runOnlyForDeploymentPostprocessing = 0;
		};
/* End PBXResourcesBuildPhase section */

/* Begin PBXSourcesBuildPhase section */
		9438C1001C66620200DDCCBD /* Sources */ = {
			isa = PBXSourcesBuildPhase;
			buildActionMask = 2147483647;
			files = (
				9438C10A1C66620200DDCCBD /* ViewController.swift in Sources */,
				9438C1081C66620200DDCCBD /* AppDelegate.swift in Sources */,
			);
			runOnlyForDeploymentPostprocessing = 0;
		};
/* End PBXSourcesBuildPhase section */

/* Begin PBXVariantGroup section */
		9438C10B1C66620200DDCCBD /* Main.storyboard */ = {
			isa = PBXVariantGroup;
			children = (
				9438C10C1C66620200DDCCBD /* Base */,
			);
			name = Main.storyboard;
			sourceTree = "<group>";
		};
		9438C1101C66620200DDCCBD /* LaunchScreen.storyboard */ = {
			isa = PBXVariantGroup;
			children = (
				9438C1111C66620200DDCCBD /* Base */,
			);
			name = LaunchScreen.storyboard;
			sourceTree = "<group>";
		};
/* End PBXVariantGroup section */

/* Begin XCBuildConfiguration section */
		9438C1141C66620200DDCCBD /* Debug */ = {
			isa = XCBuildConfiguration;
			buildSettings = {
				ALWAYS_SEARCH_USER_PATHS = NO;
				CLANG_CXX_LANGUAGE_STANDARD = "gnu++0x";
				CLANG_CXX_LIBRARY = "libc++";
				CLANG_ENABLE_MODULES = YES;
				CLANG_ENABLE_OBJC_ARC = YES;
				CLANG_WARN_BOOL_CONVERSION = YES;
				CLANG_WARN_CONSTANT_CONVERSION = YES;
				CLANG_WARN_DIRECT_OBJC_ISA_USAGE = YES_ERROR;
				CLANG_WARN_EMPTY_BODY = YES;
				CLANG_WARN_ENUM_CONVERSION = YES;
				CLANG_WARN_INT_CONVERSION = YES;
				CLANG_WARN_OBJC_ROOT_CLASS = YES_ERROR;
				CLANG_WARN_UNREACHABLE_CODE = YES;
				CLANG_WARN__DUPLICATE_METHOD_MATCH = YES;
				"CODE_SIGN_IDENTITY[sdk=iphoneos*]" = "iPhone Developer";
				COPY_PHASE_STRIP = NO;
				DEBUG_INFORMATION_FORMAT = dwarf;
				ENABLE_STRICT_OBJC_MSGSEND = YES;
				ENABLE_TESTABILITY = YES;
				GCC_C_LANGUAGE_STANDARD = gnu99;
				GCC_DYNAMIC_NO_PIC = NO;
				GCC_NO_COMMON_BLOCKS = YES;
				GCC_OPTIMIZATION_LEVEL = 0;
				GCC_PREPROCESSOR_DEFINITIONS = (
					"DEBUG=1",
					"$(inherited)",
				);
				GCC_WARN_64_TO_32_BIT_CONVERSION = YES;
				GCC_WARN_ABOUT_RETURN_TYPE = YES_ERROR;
				GCC_WARN_UNDECLARED_SELECTOR = YES;
				GCC_WARN_UNINITIALIZED_AUTOS = YES_AGGRESSIVE;
				GCC_WARN_UNUSED_FUNCTION = YES;
				GCC_WARN_UNUSED_VARIABLE = YES;
				IPHONEOS_DEPLOYMENT_TARGET = 9.2;
				MTL_ENABLE_DEBUG_INFO = YES;
				ONLY_ACTIVE_ARCH = YES;
				SDKROOT = iphoneos;
				SWIFT_OPTIMIZATION_LEVEL = "-Onone";
			};
			name = Debug;
		};
		9438C1151C66620200DDCCBD /* Release */ = {
			isa = XCBuildConfiguration;
			buildSettings = {
				ALWAYS_SEARCH_USER_PATHS = NO;
				CLANG_CXX_LANGUAGE_STANDARD = "gnu++0x";
				CLANG_CXX_LIBRARY = "libc++";
				CLANG_ENABLE_MODULES = YES;
				CLANG_ENABLE_OBJC_ARC = YES;
				CLANG_WARN_BOOL_CONVERSION = YES;
				CLANG_WARN_CONSTANT_CONVERSION = YES;
				CLANG_WARN_DIRECT_OBJC_ISA_USAGE = YES_ERROR;
				CLANG_WARN_EMPTY_BODY = YES;
				CLANG_WARN_ENUM_CONVERSION = YES;
				CLANG_WARN_INT_CONVERSION = YES;
				CLANG_WARN_OBJC_ROOT_CLASS = YES_ERROR;
				CLANG_WARN_UNREACHABLE_CODE = YES;
				CLANG_WARN__DUPLICATE_METHOD_MATCH = YES;
				"CODE_SIGN_IDENTITY[sdk=iphoneos*]" = "iPhone Developer";
				COPY_PHASE_STRIP = NO;
				DEBUG_INFORMATION_FORMAT = "dwarf-with-dsym";
				ENABLE_NS_ASSERTIONS = NO;
				ENABLE_STRICT_OBJC_MSGSEND = YES;
				GCC_C_LANGUAGE_STANDARD = gnu99;
				GCC_NO_COMMON_BLOCKS = YES;
				GCC_WARN_64_TO_32_BIT_CONVERSION = YES;
				GCC_WARN_ABOUT_RETURN_TYPE = YES_ERROR;
				GCC_WARN_UNDECLARED_SELECTOR = YES;
				GCC_WARN_UNINITIALIZED_AUTOS = YES_AGGRESSIVE;
				GCC_WARN_UNUSED_FUNCTION = YES;
				GCC_WARN_UNUSED_VARIABLE = YES;
				IPHONEOS_DEPLOYMENT_TARGET = 9.2;
				MTL_ENABLE_DEBUG_INFO = NO;
				SDKROOT = iphoneos;
				VALIDATE_PRODUCT = YES;
			};
			name = Release;
		};
		9438C1171C66620200DDCCBD /* Debug */ = {
			isa = XCBuildConfiguration;
			buildSettings = {
				ASSETCATALOG_COMPILER_APPICON_NAME = AppIcon;
				INFOPLIST_FILE = clickCounter/Info.plist;
				LD_RUNPATH_SEARCH_PATHS = "$(inherited) @executable_path/Frameworks";
				PRODUCT_BUNDLE_IDENTIFIER = com.salazar.velasquez.gonzalo.clickCounter;
				PRODUCT_NAME = "$(TARGET_NAME)";
			};
			name = Debug;
		};
		9438C1181C66620200DDCCBD /* Release */ = {
			isa = XCBuildConfiguration;
			buildSettings = {
				ASSETCATALOG_COMPILER_APPICON_NAME = AppIcon;
				INFOPLIST_FILE = clickCounter/Info.plist;
				LD_RUNPATH_SEARCH_PATHS = "$(inherited) @executable_path/Frameworks";
				PRODUCT_BUNDLE_IDENTIFIER = com.salazar.velasquez.gonzalo.clickCounter;
				PRODUCT_NAME = "$(TARGET_NAME)";
			};
			name = Release;
		};
/* End XCBuildConfiguration section */

/* Begin XCConfigurationList section */
		9438C0FF1C66620200DDCCBD /* Build configuration list for PBXProject "clickCounter" */ = {
			isa = XCConfigurationList;
			buildConfigurations = (
				9438C1141C66620200DDCCBD /* Debug */,
				9438C1151C66620200DDCCBD /* Release */,
			);
			defaultConfigurationIsVisible = 0;
			defaultConfigurationName = Release;
		};
		9438C1161C66620200DDCCBD /* Build configuration list for PBXNativeTarget "clickCounter" */ = {
			isa = XCConfigurationList;
			buildConfigurations = (
				9438C1171C66620200DDCCBD /* Debug */,
				9438C1181C66620200DDCCBD /* Release */,
			);
			defaultConfigurationIsVisible = 0;
		};
/* End XCConfigurationList section */
	};
	rootObject = 9438C0FC1C66620200DDCCBD /* Project object */;
}
